
Microsoft Visual Studio Solution File, Format Version 12.00
# Visual Studio Version 17
VisualStudioVersion = 17.14.36930.0 d17.14
MinimumVisualStudioVersion = 10.0.40219.1
Project("{FAE04EC0-301F-11D3-BF4B-00C04F79EFBC}") = "ModDetector", "ModDetector\ModDetector.csproj", "{636645F8-EA28-404C-BC75-E515B0896608}"
EndProject
Global
	GlobalSection(SolutionConfigurationPlatforms) = preSolution
		Debug|Any CPU = Debug|Any CPU
		Release|Any CPU = Release|Any CPU
	EndGlobalSection
	GlobalSection(ProjectConfigurationPlatforms) = postSolution
		{636645F8-EA28-404C-BC75-E515B0896608}.Debug|Any CPU.ActiveCfg = Debug|Any CPU
		{636645F8-EA28-404C-BC75-E515B0896608}.Debug|Any CPU.Build.0 = Debug|Any CPU
		{636645F8-EA28-404C-BC75-E515B0896608}.Release|Any CPU.ActiveCfg = Release|Any CPU
		{636645F8-EA28-404C-BC75-E515B0896608}.Release|Any CPU.Build.0 = Release|Any CPU
	EndGlobalSection
	GlobalSection(SolutionProperties) = preSolution
		HideSolutionNode = FALSE
	EndGlobalSection
	GlobalSection(ExtensibilityGlobals) = postSolution
		SolutionGuid = {58D35690-4E3B-4FC4-B8B5-A94D59F7FE4E}
	EndGlobalSection
EndGlobal
